
Microsoft Visual Studio Solution File, Format Version 12.00
# Visual Studio Version 17
VisualStudioVersion = 17.0.31903.59
MinimumVisualStudioVersion = 10.0.40219.1
Project("{FAE04EC0-301F-11D3-BF4B-00C04F79EFBC}") = "KyhCodeFirstWebApplication", "KyhCodeFirstWebApplication\KyhCodeFirstWebApplication.csproj", "{C2BF2105-BC05-48B2-8DD7-25152316BA93}"
EndProject
Global
	GlobalSection(SolutionConfigurationPlatforms) = preSolution
		Debug|Any CPU = Debug|Any CPU
		Release|Any CPU = Release|Any CPU
	EndGlobalSection
	GlobalSection(ProjectConfigurationPlatforms) = postSolution
		{C2BF2105-BC05-48B2-8DD7-25152316BA93}.Debug|Any CPU.ActiveCfg = Debug|Any CPU
		{C2BF2105-BC05-48B2-8DD7-25152316BA93}.Debug|Any CPU.Build.0 = Debug|Any CPU
		{C2BF2105-BC05-48B2-8DD7-25152316BA93}.Release|Any CPU.ActiveCfg = Release|Any CPU
		{C2BF2105-BC05-48B2-8DD7-25152316BA93}.Release|Any CPU.Build.0 = Release|Any CPU
	EndGlobalSection
	GlobalSection(SolutionProperties) = preSolution
		HideSolutionNode = FALSE
	EndGlobalSection
	GlobalSection(ExtensibilityGlobals) = postSolution
		SolutionGuid = {B52E3CAE-8C0D-447F-AC50-1A176610528C}
	EndGlobalSection
EndGlobal
